
Microsoft Visual Studio Solution File, Format Version 12.00
# Visual Studio Version 17
VisualStudioVersion = 17.11.35327.3
MinimumVisualStudioVersion = 10.0.40219.1
Project("{9A19103F-16F7-4668-BE54-9A1E7A4F7556}") = "Data", "Data\Data.csproj", "{3C719E49-D2DB-4847-957E-D454040E90A8}"
EndProject
Project("{9A19103F-16F7-4668-BE54-9A1E7A4F7556}") = "Web", "Web\Web.csproj", "{9CA08DD9-51D7-43A2-9481-E0321B5EB5A7}"
EndProject
Project("{2150E333-8FDC-42A3-9474-1A3956D46DE8}") = "Images", "Images", "{5856B24A-12DA-470B-88D5-BA724667F010}"
EndProject
Project("{FAE04EC0-301F-11D3-BF4B-00C04F79EFBC}") = "Tests", "Tests\Tests.csproj", "{2E89D68B-6C86-41BC-92CC-363C2752BB93}"
EndProject
Global
	GlobalSection(SolutionConfigurationPlatforms) = preSolution
		Debug|Any CPU = Debug|Any CPU
		Release|Any CPU = Release|Any CPU
	EndGlobalSection
	GlobalSection(ProjectConfigurationPlatforms) = postSolution
		{3C719E49-D2DB-4847-957E-D454040E90A8}.Debug|Any CPU.ActiveCfg = Debug|Any CPU
		{3C719E49-D2DB-4847-957E-D454040E90A8}.Debug|Any CPU.Build.0 = Debug|Any CPU
		{3C719E49-D2DB-4847-957E-D454040E90A8}.Release|Any CPU.ActiveCfg = Release|Any CPU
		{3C719E49-D2DB-4847-957E-D454040E90A8}.Release|Any CPU.Build.0 = Release|Any CPU
		{9CA08DD9-51D7-43A2-9481-E0321B5EB5A7}.Debug|Any CPU.ActiveCfg = Debug|Any CPU
		{9CA08DD9-51D7-43A2-9481-E0321B5EB5A7}.Debug|Any CPU.Build.0 = Debug|Any CPU
		{9CA08DD9-51D7-43A2-9481-E0321B5EB5A7}.Release|Any CPU.ActiveCfg = Release|Any CPU
		{9CA08DD9-51D7-43A2-9481-E0321B5EB5A7}.Release|Any CPU.Build.0 = Release|Any CPU
		{2E89D68B-6C86-41BC-92CC-363C2752BB93}.Debug|Any CPU.ActiveCfg = Debug|Any CPU
		{2E89D68B-6C86-41BC-92CC-363C2752BB93}.Debug|Any CPU.Build.0 = Debug|Any CPU
		{2E89D68B-6C86-41BC-92CC-363C2752BB93}.Release|Any CPU.ActiveCfg = Release|Any CPU
		{2E89D68B-6C86-41BC-92CC-363C2752BB93}.Release|Any CPU.Build.0 = Release|Any CPU
	EndGlobalSection
	GlobalSection(SolutionProperties) = preSolution
		HideSolutionNode = FALSE
	EndGlobalSection
	GlobalSection(ExtensibilityGlobals) = postSolution
		SolutionGuid = {8CB78CCD-8FD4-4159-B560-578F13EEE0E8}
	EndGlobalSection
EndGlobal
